
Microsoft Visual Studio Solution File, Format Version 12.00
# Visual Studio Version 16
VisualStudioVersion = 16.0.30104.148
MinimumVisualStudioVersion = 10.0.40219.1
Project("{FAE04EC0-301F-11D3-BF4B-00C04F79EFBC}") = "SmartHouseRefactored", "SmartHouseRefactored.csproj", "{3AA3DEF6-7701-46D9-9B2B-7EAC3099B7B6}"
EndProject
Global
	GlobalSection(SolutionConfigurationPlatforms) = preSolution
		Debug|Any CPU = Debug|Any CPU
		Release|Any CPU = Release|Any CPU
	EndGlobalSection
	GlobalSection(ProjectConfigurationPlatforms) = postSolution
		{3AA3DEF6-7701-46D9-9B2B-7EAC3099B7B6}.Debug|Any CPU.ActiveCfg = Debug|Any CPU
		{3AA3DEF6-7701-46D9-9B2B-7EAC3099B7B6}.Debug|Any CPU.Build.0 = Debug|Any CPU
		{3AA3DEF6-7701-46D9-9B2B-7EAC3099B7B6}.Release|Any CPU.ActiveCfg = Release|Any CPU
		{3AA3DEF6-7701-46D9-9B2B-7EAC3099B7B6}.Release|Any CPU.Build.0 = Release|Any CPU
	EndGlobalSection
	GlobalSection(SolutionProperties) = preSolution
		HideSolutionNode = FALSE
	EndGlobalSection
	GlobalSection(ExtensibilityGlobals) = postSolution
		SolutionGuid = {C3EA526C-096E-4803-9B32-089239254327}
	EndGlobalSection
EndGlobal
