
Microsoft Visual Studio Solution File, Format Version 12.00
# Visual Studio Version 16
VisualStudioVersion = 16.0.30104.148
MinimumVisualStudioVersion = 10.0.40219.1
Project("{FAE04EC0-301F-11D3-BF4B-00C04F79EFBC}") = "PhoneFactory", "PhoneFactory.csproj", "{4D6AEBCD-7F0B-4362-89E2-5112A13B6CBE}"
EndProject
Global
	GlobalSection(SolutionConfigurationPlatforms) = preSolution
		Debug|Any CPU = Debug|Any CPU
		Release|Any CPU = Release|Any CPU
	EndGlobalSection
	GlobalSection(ProjectConfigurationPlatforms) = postSolution
		{4D6AEBCD-7F0B-4362-89E2-5112A13B6CBE}.Debug|Any CPU.ActiveCfg = Debug|Any CPU
		{4D6AEBCD-7F0B-4362-89E2-5112A13B6CBE}.Debug|Any CPU.Build.0 = Debug|Any CPU
		{4D6AEBCD-7F0B-4362-89E2-5112A13B6CBE}.Release|Any CPU.ActiveCfg = Release|Any CPU
		{4D6AEBCD-7F0B-4362-89E2-5112A13B6CBE}.Release|Any CPU.Build.0 = Release|Any CPU
	EndGlobalSection
	GlobalSection(SolutionProperties) = preSolution
		HideSolutionNode = FALSE
	EndGlobalSection
	GlobalSection(ExtensibilityGlobals) = postSolution
		SolutionGuid = {6B29B0AA-BE8E-4138-81A7-CFBE2F8CBA07}
	EndGlobalSection
EndGlobal
